// !$*UTF8*$!
{
	archiveVersion = 1;
	classes = {
	};
	objectVersion = 56;
	objects = {

/* Begin PBXBuildFile section */
		12EC5E622CDDEE3300D03B60 /* AppDelegate.swift in Sources */ = {isa = PBXBuildFile; fileRef = 12EC5E612CDDEE3300D03B60 /* AppDelegate.swift */; };
		12EC5E642CDDEE3300D03B60 /* SceneDelegate.swift in Sources */ = {isa = PBXBuildFile; fileRef = 12EC5E632CDDEE3300D03B60 /* SceneDelegate.swift */; };
		12EC5E662CDDEE3300D03B60 /* ViewController.swift in Sources */ = {isa = PBXBuildFile; fileRef = 12EC5E652CDDEE3300D03B60 /* ViewController.swift */; };
		12EC5E692CDDEE3400D03B60 /* Main.storyboard in Resources */ = {isa = PBXBuildFile; fileRef = 12EC5E672CDDEE3400D03B60 /* Main.storyboard */; };
		12EC5E6B2CDDEE3600D03B60 /* Assets.xcassets in Resources */ = {isa = PBXBuildFile; fileRef = 12EC5E6A2CDDEE3600D03B60 /* Assets.xcassets */; };
		12EC5E6E2CDDEE3600D03B60 /* LaunchScreen.storyboard in Resources */ = {isa = PBXBuildFile; fileRef = 12EC5E6C2CDDEE3600D03B60 /* LaunchScreen.storyboard */; };
		12EC5E762CDE040900D03B60 /* ViewModel.swift in Sources */ = {isa = PBXBuildFile; fileRef = 12EC5E752CDE040900D03B60 /* ViewModel.swift */; };
		12EC5E782CDE044700D03B60 /* CollectionViewLayout.swift in Sources */ = {isa = PBXBuildFile; fileRef = 12EC5E772CDE044700D03B60 /* CollectionViewLayout.swift */; };
		12EC5E7A2CDE04E800D03B60 /* CollectionViewCell.swift in Sources */ = {isa = PBXBuildFile; fileRef = 12EC5E792CDE04E800D03B60 /* CollectionViewCell.swift */; };
		12EC5E7C2CDE053A00D03B60 /* Data.swift in Sources */ = {isa = PBXBuildFile; fileRef = 12EC5E7B2CDE053A00D03B60 /* Data.swift */; };
/* End PBXBuildFile section */

/* Begin PBXFileReference section */
		12EC5E5E2CDDEE3300D03B60 /* UICollectionView Example.app */ = {isa = PBXFileReference; explicitFileType = wrapper.application; includeInIndex = 0; path = "UICollectionView Example.app"; sourceTree = BUILT_PRODUCTS_DIR; };
		12EC5E612CDDEE3300D03B60 /* AppDelegate.swift */ = {isa = PBXFileReference; lastKnownFileType = sourcecode.swift; path = AppDelegate.swift; sourceTree = "<group>"; };
		12EC5E632CDDEE3300D03B60 /* SceneDelegate.swift */ = {isa = PBXFileReference; lastKnownFileType = sourcecode.swift; path = SceneDelegate.swift; sourceTree = "<group>"; };
		12EC5E652CDDEE3300D03B60 /* ViewController.swift */ = {isa = PBXFileReference; lastKnownFileType = sourcecode.swift; path = ViewController.swift; sourceTree = "<group>"; };
		12EC5E682CDDEE3400D03B60 /* Base */ = {isa = PBXFileReference; lastKnownFileType = file.storyboard; name = Base; path = Base.lproj/Main.storyboard; sourceTree = "<group>"; };
		12EC5E6A2CDDEE3600D03B60 /* Assets.xcassets */ = {isa = PBXFileReference; lastKnownFileType = folder.assetcatalog; path = Assets.xcassets; sourceTree = "<group>"; };
		12EC5E6D2CDDEE3600D03B60 /* Base */ = {isa = PBXFileReference; lastKnownFileType = file.storyboard; name = Base; path = Base.lproj/LaunchScreen.storyboard; sourceTree = "<group>"; };
		12EC5E6F2CDDEE3600D03B60 /* Info.plist */ = {isa = PBXFileReference; lastKnownFileType = text.plist.xml; path = Info.plist; sourceTree = "<group>"; };
		12EC5E752CDE040900D03B60 /* ViewModel.swift */ = {isa = PBXFileReference; lastKnownFileType = sourcecode.swift; path = ViewModel.swift; sourceTree = "<group>"; };
		12EC5E772CDE044700D03B60 /* CollectionViewLayout.swift */ = {isa = PBXFileReference; lastKnownFileType = sourcecode.swift; path = CollectionViewLayout.swift; sourceTree = "<group>"; };
		12EC5E792CDE04E800D03B60 /* CollectionViewCell.swift */ = {isa = PBXFileReference; lastKnownFileType = sourcecode.swift; path = CollectionViewCell.swift; sourceTree = "<group>"; };
		12EC5E7B2CDE053A00D03B60 /* Data.swift */ = {isa = PBXFileReference; lastKnownFileType = sourcecode.swift; path = Data.swift; sourceTree = "<group>"; };
/* End PBXFileReference section */

/* Begin PBXFrameworksBuildPhase section */
		12EC5E5B2CDDEE3300D03B60 /* Frameworks */ = {
			isa = PBXFrameworksBuildPhase;
			buildActionMask = 2147483647;
			files = (
			);
			runOnlyForDeploymentPostprocessing = 0;
		};
/* End PBXFrameworksBuildPhase section */

/* Begin PBXGroup section */
		12EC5E552CDDEE3300D03B60 = {
			isa = PBXGroup;
			children = (
				12EC5E602CDDEE3300D03B60 /* UICollectionView Example */,
				12EC5E5F2CDDEE3300D03B60 /* Products */,
			);
			sourceTree = "<group>";
		};
		12EC5E5F2CDDEE3300D03B60 /* Products */ = {
			isa = PBXGroup;
			children = (
				12EC5E5E2CDDEE3300D03B60 /* UICollectionView Example.app */,
			);
			name = Products;
			sourceTree = "<group>";
		};
		12EC5E602CDDEE3300D03B60 /* UICollectionView Example */ = {
			isa = PBXGroup;
			children = (
				12EC5E612CDDEE3300D03B60 /* AppDelegate.swift */,
				12EC5E792CDE04E800D03B60 /* CollectionViewCell.swift */,
				12EC5E772CDE044700D03B60 /* CollectionViewLayout.swift */,
				12EC5E7B2CDE053A00D03B60 /* Data.swift */,
				12EC5E632CDDEE3300D03B60 /* SceneDelegate.swift */,
				12EC5E652CDDEE3300D03B60 /* ViewController.swift */,
				12EC5E752CDE040900D03B60 /* ViewModel.swift */,
				12EC5E672CDDEE3400D03B60 /* Main.storyboard */,
				12EC5E6A2CDDEE3600D03B60 /* Assets.xcassets */,
				12EC5E6C2CDDEE3600D03B60 /* LaunchScreen.storyboard */,
				12EC5E6F2CDDEE3600D03B60 /* Info.plist */,
			);
			path = "UICollectionView Example";
			sourceTree = "<group>";
		};
/* End PBXGroup section */

/* Begin PBXNativeTarget section */
		12EC5E5D2CDDEE3300D03B60 /* UICollectionView Example */ = {
			isa = PBXNativeTarget;
			buildConfigurationList = 12EC5E722CDDEE3600D03B60 /* Build configuration list for PBXNativeTarget "UICollectionView Example" */;
			buildPhases = (
				12EC5E5A2CDDEE3300D03B60 /* Sources */,
				12EC5E5B2CDDEE3300D03B60 /* Frameworks */,
				12EC5E5C2CDDEE3300D03B60 /* Resources */,
			);
			buildRules = (
			);
			dependencies = (
			);
			name = "UICollectionView Example";
			productName = "UICollectionView Example";
			productReference = 12EC5E5E2CDDEE3300D03B60 /* UICollectionView Example.app */;
			productType = "com.apple.product-type.application";
		};
/* End PBXNativeTarget section */

/* Begin PBXProject section */
		12EC5E562CDDEE3300D03B60 /* Project object */ = {
			isa = PBXProject;
			attributes = {
				BuildIndependentTargetsInParallel = 1;
				LastSwiftUpdateCheck = 1520;
				LastUpgradeCheck = 1520;
				TargetAttributes = {
					12EC5E5D2CDDEE3300D03B60 = {
						CreatedOnToolsVersion = 15.2;
					};
				};
			};
			buildConfigurationList = 12EC5E592CDDEE3300D03B60 /* Build configuration list for PBXProject "UICollectionView Example" */;
			compatibilityVersion = "Xcode 14.0";
			developmentRegion = en;
			hasScannedForEncodings = 0;
			knownRegions = (
				en,
				Base,
			);
			mainGroup = 12EC5E552CDDEE3300D03B60;
			productRefGroup = 12EC5E5F2CDDEE3300D03B60 /* Products */;
			projectDirPath = "";
			projectRoot = "";
			targets = (
				12EC5E5D2CDDEE3300D03B60 /* UICollectionView Example */,
			);
		};
/* End PBXProject section */

/* Begin PBXResourcesBuildPhase section */
		12EC5E5C2CDDEE3300D03B60 /* Resources */ = {
			isa = PBXResourcesBuildPhase;
			buildActionMask = 2147483647;
			files = (
				12EC5E6E2CDDEE3600D03B60 /* LaunchScreen.storyboard in Resources */,
				12EC5E6B2CDDEE3600D03B60 /* Assets.xcassets in Resources */,
				12EC5E692CDDEE3400D03B60 /* Main.storyboard in Resources */,
			);
			runOnlyForDeploymentPostprocessing = 0;
		};
/* End PBXResourcesBuildPhase section */

/* Begin PBXSourcesBuildPhase section */
		12EC5E5A2CDDEE3300D03B60 /* Sources */ = {
			isa = PBXSourcesBuildPhase;
			buildActionMask = 2147483647;
			files = (
				12EC5E7C2CDE053A00D03B60 /* Data.swift in Sources */,
				12EC5E662CDDEE3300D03B60 /* ViewController.swift in Sources */,
				12EC5E622CDDEE3300D03B60 /* AppDelegate.swift in Sources */,
				12EC5E7A2CDE04E800D03B60 /* CollectionViewCell.swift in Sources */,
				12EC5E762CDE040900D03B60 /* ViewModel.swift in Sources */,
				12EC5E642CDDEE3300D03B60 /* SceneDelegate.swift in Sources */,
				12EC5E782CDE044700D03B60 /* CollectionViewLayout.swift in Sources */,
			);
			runOnlyForDeploymentPostprocessing = 0;
		};
/* End PBXSourcesBuildPhase section */

/* Begin PBXVariantGroup section */
		12EC5E672CDDEE3400D03B60 /* Main.storyboard */ = {
			isa = PBXVariantGroup;
			children = (
				12EC5E682CDDEE3400D03B60 /* Base */,
			);
			name = Main.storyboard;
			sourceTree = "<group>";
		};
		12EC5E6C2CDDEE3600D03B60 /* LaunchScreen.storyboard */ = {
			isa = PBXVariantGroup;
			children = (
				12EC5E6D2CDDEE3600D03B60 /* Base */,
			);
			name = LaunchScreen.storyboard;
			sourceTree = "<group>";
		};
/* End PBXVariantGroup section */

/* Begin XCBuildConfiguration section */
		12EC5E702CDDEE3600D03B60 /* Debug */ = {
			isa = XCBuildConfiguration;
			buildSettings = {
				ALWAYS_SEARCH_USER_PATHS = NO;
				ASSETCATALOG_COMPILER_GENERATE_SWIFT_ASSET_SYMBOL_EXTENSIONS = YES;
				CLANG_ANALYZER_NONNULL = YES;
				CLANG_ANALYZER_NUMBER_OBJECT_CONVERSION = YES_AGGRESSIVE;
				CLANG_CXX_LANGUAGE_STANDARD = "gnu++20";
				CLANG_ENABLE_MODULES = YES;
				CLANG_ENABLE_OBJC_ARC = YES;
				CLANG_ENABLE_OBJC_WEAK = YES;
				CLANG_WARN_BLOCK_CAPTURE_AUTORELEASING = YES;
				CLANG_WARN_BOOL_CONVERSION = YES;
				CLANG_WARN_COMMA = YES;
				CLANG_WARN_CONSTANT_CONVERSION = YES;
				CLANG_WARN_DEPRECATED_OBJC_IMPLEMENTATIONS = YES;
				CLANG_WARN_DIRECT_OBJC_ISA_USAGE = YES_ERROR;
				CLANG_WARN_DOCUMENTATION_COMMENTS = YES;
				CLANG_WARN_EMPTY_BODY = YES;
				CLANG_WARN_ENUM_CONVERSION = YES;
				CLANG_WARN_INFINITE_RECURSION = YES;
				CLANG_WARN_INT_CONVERSION = YES;
				CLANG_WARN_NON_LITERAL_NULL_CONVERSION = YES;
				CLANG_WARN_OBJC_IMPLICIT_RETAIN_SELF = YES;
				CLANG_WARN_OBJC_LITERAL_CONVERSION = YES;
				CLANG_WARN_OBJC_ROOT_CLASS = YES_ERROR;
				CLANG_WARN_QUOTED_INCLUDE_IN_FRAMEWORK_HEADER = YES;
				CLANG_WARN_RANGE_LOOP_ANALYSIS = YES;
				CLANG_WARN_STRICT_PROTOTYPES = YES;
				CLANG_WARN_SUSPICIOUS_MOVE = YES;
				CLANG_WARN_UNGUARDED_AVAILABILITY = YES_AGGRESSIVE;
				CLANG_WARN_UNREACHABLE_CODE = YES;
				CLANG_WARN__DUPLICATE_METHOD_MATCH = YES;
				COPY_PHASE_STRIP = NO;
				DEBUG_INFORMATION_FORMAT = dwarf;
				ENABLE_STRICT_OBJC_MSGSEND = YES;
				ENABLE_TESTABILITY = YES;
				ENABLE_USER_SCRIPT_SANDBOXING = YES;
				GCC_C_LANGUAGE_STANDARD = gnu17;
				GCC_DYNAMIC_NO_PIC = NO;
				GCC_NO_COMMON_BLOCKS = YES;
				GCC_OPTIMIZATION_LEVEL = 0;
				GCC_PREPROCESSOR_DEFINITIONS = (
					"DEBUG=1",
					"$(inherited)",
				);
				GCC_WARN_64_TO_32_BIT_CONVERSION = YES;
				GCC_WARN_ABOUT_RETURN_TYPE = YES_ERROR;
				GCC_WARN_UNDECLARED_SELECTOR = YES;
				GCC_WARN_UNINITIALIZED_AUTOS = YES_AGGRESSIVE;
				GCC_WARN_UNUSED_FUNCTION = YES;
				GCC_WARN_UNUSED_VARIABLE = YES;
				IPHONEOS_DEPLOYMENT_TARGET = 17.2;
				LOCALIZATION_PREFERS_STRING_CATALOGS = YES;
				MTL_ENABLE_DEBUG_INFO = INCLUDE_SOURCE;
				MTL_FAST_MATH = YES;
				ONLY_ACTIVE_ARCH = YES;
				SDKROOT = iphoneos;
				SWIFT_ACTIVE_COMPILATION_CONDITIONS = "DEBUG $(inherited)";
				SWIFT_OPTIMIZATION_LEVEL = "-Onone";
			};
			name = Debug;
		};
		12EC5E712CDDEE3600D03B60 /* Release */ = {
			isa = XCBuildConfiguration;
			buildSettings = {
				ALWAYS_SEARCH_USER_PATHS = NO;
				ASSETCATALOG_COMPILER_GENERATE_SWIFT_ASSET_SYMBOL_EXTENSIONS = YES;
				CLANG_ANALYZER_NONNULL = YES;
				CLANG_ANALYZER_NUMBER_OBJECT_CONVERSION = YES_AGGRESSIVE;
				CLANG_CXX_LANGUAGE_STANDARD = "gnu++20";
				CLANG_ENABLE_MODULES = YES;
				CLANG_ENABLE_OBJC_ARC = YES;
				CLANG_ENABLE_OBJC_WEAK = YES;
				CLANG_WARN_BLOCK_CAPTURE_AUTORELEASING = YES;
				CLANG_WARN_BOOL_CONVERSION = YES;
				CLANG_WARN_COMMA = YES;
				CLANG_WARN_CONSTANT_CONVERSION = YES;
				CLANG_WARN_DEPRECATED_OBJC_IMPLEMENTATIONS = YES;
				CLANG_WARN_DIRECT_OBJC_ISA_USAGE = YES_ERROR;
				CLANG_WARN_DOCUMENTATION_COMMENTS = YES;
				CLANG_WARN_EMPTY_BODY = YES;
				CLANG_WARN_ENUM_CONVERSION = YES;
				CLANG_WARN_INFINITE_RECURSION = YES;
				CLANG_WARN_INT_CONVERSION = YES;
				CLANG_WARN_NON_LITERAL_NULL_CONVERSION = YES;
				CLANG_WARN_OBJC_IMPLICIT_RETAIN_SELF = YES;
				CLANG_WARN_OBJC_LITERAL_CONVERSION = YES;
				CLANG_WARN_OBJC_ROOT_CLASS = YES_ERROR;
				CLANG_WARN_QUOTED_INCLUDE_IN_FRAMEWORK_HEADER = YES;
				CLANG_WARN_RANGE_LOOP_ANALYSIS = YES;
				CLANG_WARN_STRICT_PROTOTYPES = YES;
				CLANG_WARN_SUSPICIOUS_MOVE = YES;
				CLANG_WARN_UNGUARDED_AVAILABILITY = YES_AGGRESSIVE;
				CLANG_WARN_UNREACHABLE_CODE = YES;
				CLANG_WARN__DUPLICATE_METHOD_MATCH = YES;
				COPY_PHASE_STRIP = NO;
				DEBUG_INFORMATION_FORMAT = "dwarf-with-dsym";
				ENABLE_NS_ASSERTIONS = NO;
				ENABLE_STRICT_OBJC_MSGSEND = YES;
				ENABLE_USER_SCRIPT_SANDBOXING = YES;
				GCC_C_LANGUAGE_STANDARD = gnu17;
				GCC_NO_COMMON_BLOCKS = YES;
				GCC_WARN_64_TO_32_BIT_CONVERSION = YES;
				GCC_WARN_ABOUT_RETURN_TYPE = YES_ERROR;
				GCC_WARN_UNDECLARED_SELECTOR = YES;
				GCC_WARN_UNINITIALIZED_AUTOS = YES_AGGRESSIVE;
				GCC_WARN_UNUSED_FUNCTION = YES;
				GCC_WARN_UNUSED_VARIABLE = YES;
				IPHONEOS_DEPLOYMENT_TARGET = 17.2;
				LOCALIZATION_PREFERS_STRING_CATALOGS = YES;
				MTL_ENABLE_DEBUG_INFO = NO;
				MTL_FAST_MATH = YES;
				SDKROOT = iphoneos;
				SWIFT_COMPILATION_MODE = wholemodule;
				VALIDATE_PRODUCT = YES;
			};
			name = Release;
		};
		12EC5E732CDDEE3600D03B60 /* Debug */ = {
			isa = XCBuildConfiguration;
			buildSettings = {
				ASSETCATALOG_COMPILER_APPICON_NAME = AppIcon;
				ASSETCATALOG_COMPILER_GLOBAL_ACCENT_COLOR_NAME = AccentColor;
				CODE_SIGN_STYLE = Automatic;
				CURRENT_PROJECT_VERSION = 1;
				GENERATE_INFOPLIST_FILE = YES;
				INFOPLIST_FILE = "UICollectionView Example/Info.plist";
				INFOPLIST_KEY_UIApplicationSupportsIndirectInputEvents = YES;
				INFOPLIST_KEY_UILaunchStoryboardName = LaunchScreen;
				INFOPLIST_KEY_UIMainStoryboardFile = Main;
				INFOPLIST_KEY_UISupportedInterfaceOrientations = UIInterfaceOrientationPortrait;
				INFOPLIST_KEY_UISupportedInterfaceOrientations_iPad = "UIInterfaceOrientationPortrait UIInterfaceOrientationPortraitUpsideDown";
				LD_RUNPATH_SEARCH_PATHS = (
					"$(inherited)",
					"@executable_path/Frameworks",
				);
				MARKETING_VERSION = 1.0;
				PRODUCT_BUNDLE_IDENTIFIER = "main.UICollectionView-Example";
				PRODUCT_NAME = "$(TARGET_NAME)";
				SWIFT_EMIT_LOC_STRINGS = YES;
				SWIFT_VERSION = 5.0;
				TARGETED_DEVICE_FAMILY = "1,2";
			};
			name = Debug;
		};
		12EC5E742CDDEE3600D03B60 /* Release */ = {
			isa = XCBuildConfiguration;
			buildSettings = {
				ASSETCATALOG_COMPILER_APPICON_NAME = AppIcon;
				ASSETCATALOG_COMPILER_GLOBAL_ACCENT_COLOR_NAME = AccentColor;
				CODE_SIGN_STYLE = Automatic;
				CURRENT_PROJECT_VERSION = 1;
				GENERATE_INFOPLIST_FILE = YES;
				INFOPLIST_FILE = "UICollectionView Example/Info.plist";
				INFOPLIST_KEY_UIApplicationSupportsIndirectInputEvents = YES;
				INFOPLIST_KEY_UILaunchStoryboardName = LaunchScreen;
				INFOPLIST_KEY_UIMainStoryboardFile = Main;
				INFOPLIST_KEY_UISupportedInterfaceOrientations = UIInterfaceOrientationPortrait;
				INFOPLIST_KEY_UISupportedInterfaceOrientations_iPad = "UIInterfaceOrientationPortrait UIInterfaceOrientationPortraitUpsideDown";
				LD_RUNPATH_SEARCH_PATHS = (
					"$(inherited)",
					"@executable_path/Frameworks",
				);
				MARKETING_VERSION = 1.0;
				PRODUCT_BUNDLE_IDENTIFIER = "main.UICollectionView-Example";
				PRODUCT_NAME = "$(TARGET_NAME)";
				SWIFT_EMIT_LOC_STRINGS = YES;
				SWIFT_VERSION = 5.0;
				TARGETED_DEVICE_FAMILY = "1,2";
			};
			name = Release;
		};
/* End XCBuildConfiguration section */

/* Begin XCConfigurationList section */
		12EC5E592CDDEE3300D03B60 /* Build configuration list for PBXProject "UICollectionView Example" */ = {
			isa = XCConfigurationList;
			buildConfigurations = (
				12EC5E702CDDEE3600D03B60 /* Debug */,
				12EC5E712CDDEE3600D03B60 /* Release */,
			);
			defaultConfigurationIsVisible = 0;
			defaultConfigurationName = Release;
		};
		12EC5E722CDDEE3600D03B60 /* Build configuration list for PBXNativeTarget "UICollectionView Example" */ = {
			isa = XCConfigurationList;
			buildConfigurations = (
				12EC5E732CDDEE3600D03B60 /* Debug */,
				12EC5E742CDDEE3600D03B60 /* Release */,
			);
			defaultConfigurationIsVisible = 0;
			defaultConfigurationName = Release;
		};
/* End XCConfigurationList section */
	};
	rootObject = 12EC5E562CDDEE3300D03B60 /* Project object */;
}
